Microsoft Visual Studio Solution File, Format Version 12.00
# Visual Studio Version 16
VisualStudioVersion = 16.0.28407.52
MinimumVisualStudioVersion = 10.0.40219.1
Project("{9A19103F-16F7-4668-BE54-9A1E7A4F7556}") = "InPlaceEditBoxDemo", "InPlaceEditBoxDemo\InPlaceEditBoxDemo.csproj", "{BA1C7851-45F1-41D5-B9FC-486D89424B20}"
EndProject
Project("{9A19103F-16F7-4668-BE54-9A1E7A4F7556}") = "SolutionLib", "Solution\SolutionLib\SolutionLib.csproj", "{21809114-6C3F-41CC-8A72-649AC4A214BB}"
EndProject
Project("{9A19103F-16F7-4668-BE54-9A1E7A4F7556}") = "ExplorerLib", "Services\ExplorerLib\ExplorerLib.csproj", "{5A90B227-3C80-4B85-AE40-EE17FCCD246D}"
EndProject
Project("{2150E333-8FDC-42A3-9474-1A3956D46DE8}") = "Services", "Services", "{0D3704E0-6B66-4110-81C0-ACF8906E7CC1}"
EndProject
Project("{9A19103F-16F7-4668-BE54-9A1E7A4F7556}") = "ServiceLocator", "Services\ServiceLocator\ServiceLocator.csproj", "{B17BD968-1684-4F3A-B55A-6F42DA4A6830}"
EndProject
Project("{2150E333-8FDC-42A3-9474-1A3956D46DE8}") = "Solution", "Solution", "{DEEEC2A9-7724-48C9-9C75-7A9540B7600D}"
EndProject
Project("{9A19103F-16F7-4668-BE54-9A1E7A4F7556}") = "SolutionLibModels", "Solution\SolutionLibModels\SolutionLibModels.csproj", "{2A48D068-6C21-4758-9A85-74F40C2AB068}"
EndProject
Project("{FAE04EC0-301F-11D3-BF4B-00C04F79EFBC}") = "InplaceEditBoxLib", "InplaceEditBoxLib\InplaceEditBoxLib.csproj", "{A8BB5702-1A2F-46B3-AAC2-D62E2E16A722}"
EndProject
Global
	GlobalSection(SolutionConfigurationPlatforms) = preSolution
		Debug|Any CPU = Debug|Any CPU
		Debug|x64 = Debug|x64
		Debug|x86 = Debug|x86
		Release|Any CPU = Release|Any CPU
		Release|x64 = Release|x64
		Release|x86 = Release|x86
	EndGlobalSection
	GlobalSection(ProjectConfigurationPlatforms) = postSolution
		{BA1C7851-45F1-41D5-B9FC-486D89424B20}.Debug|Any CPU.ActiveCfg = Debug|Any CPU
		{BA1C7851-45F1-41D5-B9FC-486D89424B20}.Debug|Any CPU.Build.0 = Debug|Any CPU
		{BA1C7851-45F1-41D5-B9FC-486D89424B20}.Debug|x64.ActiveCfg = Debug|Any CPU
		{BA1C7851-45F1-41D5-B9FC-486D89424B20}.Debug|x64.Build.0 = Debug|Any CPU
		{BA1C7851-45F1-41D5-B9FC-486D89424B20}.Debug|x86.ActiveCfg = Debug|Any CPU
		{BA1C7851-45F1-41D5-B9FC-486D89424B20}.Debug|x86.Build.0 = Debug|Any CPU
		{BA1C7851-45F1-41D5-B9FC-486D89424B20}.Release|Any CPU.ActiveCfg = Release|Any CPU
		{BA1C7851-45F1-41D5-B9FC-486D89424B20}.Release|Any CPU.Build.0 = Release|Any CPU
		{BA1C7851-45F1-41D5-B9FC-486D89424B20}.Release|x64.ActiveCfg = Release|Any CPU
		{BA1C7851-45F1-41D5-B9FC-486D89424B20}.Release|x64.Build.0 = Release|Any CPU
		{BA1C7851-45F1-41D5-B9FC-486D89424B20}.Release|x86.ActiveCfg = Release|Any CPU
		{BA1C7851-45F1-41D5-B9FC-486D89424B20}.Release|x86.Build.0 = Release|Any CPU
		{21809114-6C3F-41CC-8A72-649AC4A214BB}.Debug|Any CPU.ActiveCfg = Debug|Any CPU
		{21809114-6C3F-41CC-8A72-649AC4A214BB}.Debug|Any CPU.Build.0 = Debug|Any CPU
		{21809114-6C3F-41CC-8A72-649AC4A214BB}.Debug|x64.ActiveCfg = Debug|Any CPU
		{21809114-6C3F-41CC-8A72-649AC4A214BB}.Debug|x64.Build.0 = Debug|Any CPU
		{21809114-6C3F-41CC-8A72-649AC4A214BB}.Debug|x86.ActiveCfg = Debug|Any CPU
		{21809114-6C3F-41CC-8A72-649AC4A214BB}.Debug|x86.Build.0 = Debug|Any CPU
		{21809114-6C3F-41CC-8A72-649AC4A214BB}.Release|Any CPU.ActiveCfg = Release|Any CPU
		{21809114-6C3F-41CC-8A72-649AC4A214BB}.Release|Any CPU.Build.0 = Release|Any CPU
		{21809114-6C3F-41CC-8A72-649AC4A214BB}.Release|x64.ActiveCfg = Release|Any CPU
		{21809114-6C3F-41CC-8A72-649AC4A214BB}.Release|x64.Build.0 = Release|Any CPU
		{21809114-6C3F-41CC-8A72-649AC4A214BB}.Release|x86.ActiveCfg = Release|Any CPU
		{21809114-6C3F-41CC-8A72-649AC4A214BB}.Release|x86.Build.0 = Release|Any CPU
		{5A90B227-3C80-4B85-AE40-EE17FCCD246D}.Debug|Any CPU.ActiveCfg = Debug|Any CPU
		{5A90B227-3C80-4B85-AE40-EE17FCCD246D}.Debug|Any CPU.Build.0 = Debug|Any CPU
		{5A90B227-3C80-4B85-AE40-EE17FCCD246D}.Debug|x64.ActiveCfg = Debug|Any CPU
		{5A90B227-3C80-4B85-AE40-EE17FCCD246D}.Debug|x64.Build.0 = Debug|Any CPU
		{5A90B227-3C80-4B85-AE40-EE17FCCD246D}.Debug|x86.ActiveCfg = Debug|Any CPU
		{5A90B227-3C80-4B85-AE40-EE17FCCD246D}.Debug|x86.Build.0 = Debug|Any CPU
		{5A90B227-3C80-4B85-AE40-EE17FCCD246D}.Release|Any CPU.ActiveCfg = Release|Any CPU
		{5A90B227-3C80-4B85-AE40-EE17FCCD246D}.Release|Any CPU.Build.0 = Release|Any CPU
		{5A90B227-3C80-4B85-AE40-EE17FCCD246D}.Release|x64.ActiveCfg = Release|Any CPU
		{5A90B227-3C80-4B85-AE40-EE17FCCD246D}.Release|x64.Build.0 = Release|Any CPU
		{5A90B227-3C80-4B85-AE40-EE17FCCD246D}.Release|x86.ActiveCfg = Release|Any CPU
		{5A90B227-3C80-4B85-AE40-EE17FCCD246D}.Release|x86.Build.0 = Release|Any CPU
		{B17BD968-1684-4F3A-B55A-6F42DA4A6830}.Debug|Any CPU.ActiveCfg = Debug|Any CPU
		{B17BD968-1684-4F3A-B55A-6F42DA4A6830}.Debug|Any CPU.Build.0 = Debug|Any CPU
		{B17BD968-1684-4F3A-B55A-6F42DA4A6830}.Debug|x64.ActiveCfg = Debug|Any CPU
		{B17BD968-1684-4F3A-B55A-6F42DA4A6830}.Debug|x64.Build.0 = Debug|Any CPU
		{B17BD968-1684-4F3A-B55A-6F42DA4A6830}.Debug|x86.ActiveCfg = Debug|Any CPU
		{B17BD968-1684-4F3A-B55A-6F42DA4A6830}.Debug|x86.Build.0 = Debug|Any CPU
		{B17BD968-1684-4F3A-B55A-6F42DA4A6830}.Release|Any CPU.ActiveCfg = Release|Any CPU
		{B17BD968-1684-4F3A-B55A-6F42DA4A6830}.Release|Any CPU.Build.0 = Release|Any CPU
		{B17BD968-1684-4F3A-B55A-6F42DA4A6830}.Release|x64.ActiveCfg = Release|Any CPU
		{B17BD968-1684-4F3A-B55A-6F42DA4A6830}.Release|x64.Build.0 = Release|Any CPU
		{B17BD968-1684-4F3A-B55A-6F42DA4A6830}.Release|x86.ActiveCfg = Release|Any CPU
		{B17BD968-1684-4F3A-B55A-6F42DA4A6830}.Release|x86.Build.0 = Release|Any CPU
		{2A48D068-6C21-4758-9A85-74F40C2AB068}.Debug|Any CPU.ActiveCfg = Debug|Any CPU
		{2A48D068-6C21-4758-9A85-74F40C2AB068}.Debug|Any CPU.Build.0 = Debug|Any CPU
		{2A48D068-6C21-4758-9A85-74F40C2AB068}.Debug|x64.ActiveCfg = Debug|Any CPU
		{2A48D068-6C21-4758-9A85-74F40C2AB068}.Debug|x64.Build.0 = Debug|Any CPU
		{2A48D068-6C21-4758-9A85-74F40C2AB068}.Debug|x86.ActiveCfg = Debug|Any CPU
		{2A48D068-6C21-4758-9A85-74F40C2AB068}.Debug|x86.Build.0 = Debug|Any CPU
		{2A48D068-6C21-4758-9A85-74F40C2AB068}.Release|Any CPU.ActiveCfg = Release|Any CPU
		{2A48D068-6C21-4758-9A85-74F40C2AB068}.Release|Any CPU.Build.0 = Release|Any CPU
		{2A48D068-6C21-4758-9A85-74F40C2AB068}.Release|x64.ActiveCfg = Release|Any CPU
		{2A48D068-6C21-4758-9A85-74F40C2AB068}.Release|x64.Build.0 = Release|Any CPU
		{2A48D068-6C21-4758-9A85-74F40C2AB068}.Release|x86.ActiveCfg = Release|Any CPU
		{2A48D068-6C21-4758-9A85-74F40C2AB068}.Release|x86.Build.0 = Release|Any CPU
		{A8BB5702-1A2F-46B3-AAC2-D62E2E16A722}.Debug|Any CPU.ActiveCfg = Debug|Any CPU
		{A8BB5702-1A2F-46B3-AAC2-D62E2E16A722}.Debug|Any CPU.Build.0 = Debug|Any CPU
		{A8BB5702-1A2F-46B3-AAC2-D62E2E16A722}.Debug|x64.ActiveCfg = Debug|Any CPU
		{A8BB5702-1A2F-46B3-AAC2-D62E2E16A722}.Debug|x64.Build.0 = Debug|Any CPU
		{A8BB5702-1A2F-46B3-AAC2-D62E2E16A722}.Debug|x86.ActiveCfg = Debug|Any CPU
		{A8BB5702-1A2F-46B3-AAC2-D62E2E16A722}.Debug|x86.Build.0 = Debug|Any CPU
		{A8BB5702-1A2F-46B3-AAC2-D62E2E16A722}.Release|Any CPU.ActiveCfg = Release|Any CPU
		{A8BB5702-1A2F-46B3-AAC2-D62E2E16A722}.Release|Any CPU.Build.0 = Release|Any CPU
		{A8BB5702-1A2F-46B3-AAC2-D62E2E16A722}.Release|x64.ActiveCfg = Release|Any CPU
		{A8BB5702-1A2F-46B3-AAC2-D62E2E16A722}.Release|x64.Build.0 = Release|Any CPU
		{A8BB5702-1A2F-46B3-AAC2-D62E2E16A722}.Release|x86.ActiveCfg = Release|Any CPU
		{A8BB5702-1A2F-46B3-AAC2-D62E2E16A722}.Release|x86.Build.0 = Release|Any CPU
	EndGlobalSection
	GlobalSection(SolutionProperties) = preSolution
		HideSolutionNode = FALSE
	EndGlobalSection
	GlobalSection(NestedProjects) = preSolution
		{21809114-6C3F-41CC-8A72-649AC4A214BB} = {DEEEC2A9-7724-48C9-9C75-7A9540B7600D}
		{5A90B227-3C80-4B85-AE40-EE17FCCD246D} = {0D3704E0-6B66-4110-81C0-ACF8906E7CC1}
		{B17BD968-1684-4F3A-B55A-6F42DA4A6830} = {0D3704E0-6B66-4110-81C0-ACF8906E7CC1}
		{2A48D068-6C21-4758-9A85-74F40C2AB068} = {DEEEC2A9-7724-48C9-9C75-7A9540B7600D}
	EndGlobalSection
	GlobalSection(ExtensibilityGlobals) = postSolution
		SolutionGuid = {0DB686CA-C0FF-451F-9478-B64232604F88}
	EndGlobalSection
EndGlobal
